{
    "_readme": [
        "This file locks the dependencies of your project to a known state",
        "Read more about it at https://getcomposer.org/doc/01-basic-usage.md#installing-dependencies",
        "This file is @generated automatically"
    ],
    "content-hash": "24cf58b54129a6f4fbda08b470c08b6b",
    "packages": [
        {
            "name": "cache/adapter-common",
            "version": "1.0.0",
            "source": {
                "type": "git",
                "url": "https://github.com/php-cache/adapter-common.git",
                "reference": "f433e2496e1f351272e7985a5e908db86bc2db5c"
            },
            "dist": {
                "type": "zip",
                "url": "https://api.github.com/repos/php-cache/adapter-common/zipball/f433e2496e1f351272e7985a5e908db86bc2db5c",
                "reference": "f433e2496e1f351272e7985a5e908db86bc2db5c",
                "shasum": ""
            },
            "require": {
                "cache/tag-interop": "^1.0",
                "php": "^5.6 || ^7.0",
                "psr/cache": "^1.0",
                "psr/log": "^1.0",
                "psr/simple-cache": "^1.0"
            },
            "require-dev": {
                "cache/integration-tests": "^0.16",
                "phpunit/phpunit": "^5.7.21"
            },
            "type": "library",
            "extra": {
                "branch-alias": {
                    "dev-master": "1.0-dev"
                }
            },
            "autoload": {
                "psr-4": {
                    "Cache\\Adapter\\Common\\": ""
                }
            },
            "notification-url": "https://packagist.org/downloads/",
            "license": [
                "MIT"
            ],
            "authors": [
                {
                    "name": "Aaron Scherer",
                    "email": "aequasi@gmail.com",
                    "homepage": "https://github.com/aequasi"
                },
                {
                    "name": "Tobias Nyholm",
                    "email": "tobias.nyholm@gmail.com",
                    "homepage": "https://github.com/nyholm"
                }
            ],
            "description": "Common classes for PSR-6 adapters",
            "homepage": "http://www.php-cache.com/en/latest/",
            "keywords": [
                "cache",
                "psr-6",
                "tag"
            ],
            "time": "2017-07-16T17:13:36+00:00"
        },
        {
            "name": "cache/array-adapter",
            "version": "1.0.1",
            "source": {
                "type": "git",
                "url": "https://github.com/php-cache/array-adapter.git",
                "reference": "6e9ae7f8bbf1b07bdd6144cb944059f91ae65a14"
            },
            "dist": {
                "type": "zip",
                "url": "https://api.github.com/repos/php-cache/array-adapter/zipball/6e9ae7f8bbf1b07bdd6144cb944059f91ae65a14",
                "reference": "6e9ae7f8bbf1b07bdd6144cb944059f91ae65a14",
                "shasum": ""
            },
            "require": {
                "cache/adapter-common": "^1.0",
                "cache/hierarchical-cache": "^1.0",
                "php": "^5.6 || ^7.0",
                "psr/cache": "^1.0",
                "psr/simple-cache": "^1.0"
            },
            "provide": {
                "psr/cache-implementation": "^1.0",
                "psr/simple-cache-implementation": "^1.0"
            },
            "require-dev": {
                "cache/integration-tests": "^0.16",
                "phpunit/phpunit": "^5.7.21"
            },
            "type": "library",
            "extra": {
                "branch-alias": {
                    "dev-master": "1.0-dev"
                }
            },
            "autoload": {
                "psr-4": {
                    "Cache\\Adapter\\PHPArray\\": ""
                },
                "exclude-from-classmap": [
                    "/Tests/"
                ]
            },
            "notification-url": "https://packagist.org/downloads/",
            "license": [
                "MIT"
            ],
            "authors": [
                {
                    "name": "Aaron Scherer",
                    "email": "aequasi@gmail.com",
                    "homepage": "https://github.com/aequasi"
                },
                {
                    "name": "Tobias Nyholm",
                    "email": "tobias.nyholm@gmail.com",
                    "homepage": "https://github.com/nyholm"
                }
            ],
            "description": "A PSR-6 cache implementation using a php array. This implementation supports tags",
            "homepage": "http://www.php-cache.com/en/latest/",
            "keywords": [
                "array",
                "cache",
                "psr-6",
                "tag"
            ],
            "time": "2017-11-19T11:08:05+00:00"
        },
        {
            "name": "cache/chain-adapter",
            "version": "1.0.0",
            "source": {
                "type": "git",
                "url": "https://github.com/php-cache/chain-adapter.git",
                "reference": "c2094fb934c90ce7e9bd2f41209a76ce664b763e"
            },
            "dist": {
                "type": "zip",
                "url": "https://api.github.com/repos/php-cache/chain-adapter/zipball/c2094fb934c90ce7e9bd2f41209a76ce664b763e",
                "reference": "c2094fb934c90ce7e9bd2f41209a76ce664b763e",
                "shasum": ""
            },
            "require": {
                "cache/adapter-common": "^1.0",
                "cache/tag-interop": "^1.0",
                "php": "^5.6 || ^7.0",
                "psr/cache": "^1.0",
                "psr/log": "^1.0"
            },
            "provide": {
                "psr/cache-implementation": "^1.0"
            },
            "require-dev": {
                "cache/array-adapter": "^1.0",
                "cache/filesystem-adapter": "^1.0",
                "cache/integration-tests": "^0.16",
                "phpunit/phpunit": "^5.7.21"
            },
            "type": "library",
            "extra": {
                "branch-alias": {
                    "dev-master": "1.0-dev"
                }
            },
            "autoload": {
                "psr-4": {
                    "Cache\\Adapter\\Chain\\": ""
                },
                "exclude-from-classmap": [
                    "/Tests/"
                ]
            },
            "notification-url": "https://packagist.org/downloads/",
            "license": [
                "MIT"
            ],
            "authors": [
                {
                    "name": "Aaron Scherer",
                    "email": "aequasi@gmail.com",
                    "homepage": "https://github.com/aequasi"
                },
                {
                    "name": "Tobias Nyholm",
                    "email": "tobias.nyholm@gmail.com",
                    "homepage": "https://github.com/nyholm"
                }
            ],
            "description": "A PSR-6 cache implementation using chain. This implementation supports tags",
            "homepage": "http://www.php-cache.com/en/latest/",
            "keywords": [
                "Chain",
                "cache",
                "psr-6",
                "tag"
            ],
            "time": "2017-07-17T05:38:48+00:00"
        },
        {
            "name": "cache/encryption-cache",
            "version": "1.0.0",
            "source": {
                "type": "git",
                "url": "https://github.com/php-cache/encryption-cache.git",
                "reference": "1a23b858743fb0f09f4cb2bdbf1c21cbeed9b8a5"
            },
            "dist": {
                "type": "zip",
                "url": "https://api.github.com/repos/php-cache/encryption-cache/zipball/1a23b858743fb0f09f4cb2bdbf1c21cbeed9b8a5",
                "reference": "1a23b858743fb0f09f4cb2bdbf1c21cbeed9b8a5",
                "shasum": ""
            },
            "require": {
                "cache/tag-interop": "^1.0",
                "defuse/php-encryption": "^2.0",
                "php": "^5.6 || ^7.0",
                "psr/cache": "^1.0"
            },
            "require-dev": {
                "cache/array-adapter": "^1.0",
                "cache/integration-tests": "^0.16",
                "phpunit/phpunit": "^5.7.21"
            },
            "type": "library",
            "extra": {
                "branch-alias": {
                    "dev-master": "1.0-dev"
                }
            },
            "autoload": {
                "psr-4": {
                    "Cache\\Encryption\\": ""
                },
                "exclude-from-classmap": [
                    "/Tests/"
                ]
            },
            "notification-url": "https://packagist.org/downloads/",
            "license": [
                "MIT"
            ],
            "authors": [
                {
                    "name": "Aaron Scherer",
                    "email": "aequasi@gmail.com",
                    "homepage": "https://github.com/aequasi"
                },
                {
                    "name": "Tobias Nyholm",
                    "email": "tobias.nyholm@gmail.com",
                    "homepage": "https://github.com/nyholm"
                },
                {
                    "name": "Daniel Bannert",
                    "email": "d.bannert@anolilab.de",
                    "homepage": "https://github.com/prisis"
                }
            ],
            "description": "Adds encryption support to your PSR-6 cache implementation",
            "homepage": "http://www.php-cache.com/en/latest/",
            "keywords": [
                "cache",
                "encrypted",
                "encryption",
                "psr6"
            ],
            "time": "2017-07-17T10:46:35+00:00"
        },
        {
            "name": "cache/hierarchical-cache",
            "version": "1.0.0",
            "source": {
                "type": "git",
                "url": "https://github.com/php-cache/hierarchical-cache.git",
                "reference": "97173a5115765f72ccdc90dbc01132a3786ef5fd"
            },
            "dist": {
                "type": "zip",
                "url": "https://api.github.com/repos/php-cache/hierarchical-cache/zipball/97173a5115765f72ccdc90dbc01132a3786ef5fd",
                "reference": "97173a5115765f72ccdc90dbc01132a3786ef5fd",
                "shasum": ""
            },
            "require": {
                "cache/adapter-common": "^1.0",
                "php": "^5.6 || ^7.0",
                "psr/cache": "^1.0"
            },
            "require-dev": {
                "phpunit/phpunit": "^5.7.21"
            },
            "type": "library",
            "extra": {
                "branch-alias": {
                    "dev-master": "1.0-dev"
                }
            },
            "autoload": {
                "psr-4": {
                    "Cache\\Hierarchy\\": ""
                },
                "exclude-from-classmap": [
                    "/Tests/"
                ]
            },
            "notification-url": "https://packagist.org/downloads/",
            "license": [
                "MIT"
            ],
            "authors": [
                {
                    "name": "Aaron Scherer",
                    "email": "aequasi@gmail.com",
                    "homepage": "https://github.com/aequasi"
                },
                {
                    "name": "Tobias Nyholm",
                    "email": "tobias.nyholm@gmail.com",
                    "homepage": "https://github.com/nyholm"
                }
            ],
            "description": "A helper trait and interface to your PSR-6 cache to support hierarchical keys.",
            "homepage": "http://www.php-cache.com/en/latest/",
            "keywords": [
                "cache",
                "hierarchical",
                "hierarchy",
                "psr-6"
            ],
            "time": "2017-07-16T21:58:17+00:00"
        },
        {
            "name": "cache/namespaced-cache",
            "version": "1.0.0",
            "source": {
                "type": "git",
                "url": "https://github.com/php-cache/namespaced-cache.git",
                "reference": "c36d9105c44d6cbbf905b7aafebcb29d488f397c"
            },
            "dist": {
                "type": "zip",
                "url": "https://api.github.com/repos/php-cache/namespaced-cache/zipball/c36d9105c44d6cbbf905b7aafebcb29d488f397c",
                "reference": "c36d9105c44d6cbbf905b7aafebcb29d488f397c",
                "shasum": ""
            },
            "require": {
                "cache/hierarchical-cache": "^1.0",
                "php": "^5.6 || ^7.0",
                "psr/cache": "^1.0"
            },
            "require-dev": {
                "cache/memcached-adapter": "^1.0",
                "phpunit/phpunit": "^5.7.21"
            },
            "type": "library",
            "extra": {
                "branch-alias": {
                    "dev-master": "1.0-dev"
                }
            },
            "autoload": {
                "psr-4": {
                    "Cache\\Namespaced\\": ""
                },
                "exclude-from-classmap": [
                    "/Tests/"
                ]
            },
            "notification-url": "https://packagist.org/downloads/",
            "license": [
                "MIT"
            ],
            "authors": [
                {
                    "name": "Tobias Nyholm",
                    "email": "tobias.nyholm@gmail.com",
                    "homepage": "https://github.com/nyholm"
                }
            ],
            "description": "A decorator that makes your cache support namespaces",
            "homepage": "http://www.php-cache.com/en/latest/",
            "keywords": [
                "cache",
                "namespace",
                "psr-6"
            ],
            "time": "2017-07-16T20:20:51+00:00"
        },
        {
            "name": "cache/prefixed-cache",
            "version": "1.0.0",
            "source": {
                "type": "git",
                "url": "https://github.com/php-cache/prefixed-cache.git",
                "reference": "2f584c6505cbf96b3053849f7a22137725e8aa85"
            },
            "dist": {
                "type": "zip",
                "url": "https://api.github.com/repos/php-cache/prefixed-cache/zipball/2f584c6505cbf96b3053849f7a22137725e8aa85",
                "reference": "2f584c6505cbf96b3053849f7a22137725e8aa85",
                "shasum": ""
            },
            "require": {
                "php": "^5.6 || ^7.0",
                "psr/cache": "^1.0"
            },
            "require-dev": {
                "cache/integration-tests": "^0.16",
                "phpunit/phpunit": "^5.7.21"
            },
            "type": "library",
            "extra": {
                "branch-alias": {
                    "dev-master": "1.0-dev"
                }
            },
            "autoload": {
                "psr-4": {
                    "Cache\\Prefixed\\": ""
                },
                "exclude-from-classmap": [
                    "/Tests/"
                ]
            },
            "notification-url": "https://packagist.org/downloads/",
            "license": [
                "MIT"
            ],
            "authors": [
                {
                    "name": "Tobias Nyholm",
                    "email": "tobias.nyholm@gmail.com",
                    "homepage": "https://github.com/nyholm"
                }
            ],
            "description": "A decorator that makes your cache support prefix",
            "homepage": "http://www.php-cache.com/en/latest/",
            "keywords": [
                "cache",
                "prefix",
                "psr-6"
            ],
            "time": "2017-07-17T11:14:46+00:00"
        },
        {
            "name": "cache/simple-cache-bridge",
            "version": "1.0.0",
            "source": {
                "type": "git",
                "url": "https://github.com/php-cache/simple-cache-bridge.git",
                "reference": "607a32c40587fd049ac40d4bb20dfd5f778d89d5"
            },
            "dist": {
                "type": "zip",
                "url": "https://api.github.com/repos/php-cache/simple-cache-bridge/zipball/607a32c40587fd049ac40d4bb20dfd5f778d89d5",
                "reference": "607a32c40587fd049ac40d4bb20dfd5f778d89d5",
                "shasum": ""
            },
            "require": {
                "php": "^5.6 || ^7.0",
                "psr/cache": "^1.0",
                "psr/simple-cache": "^1.0"
            },
            "provide": {
                "psr/simple-cache-implementation": "^1.0"
            },
            "require-dev": {
                "cache/integration-tests": "^0.16",
                "mockery/mockery": "^0.9",
                "phpunit/phpunit": "^5.7.21",
                "symfony/cache": "^3.2"
            },
            "type": "library",
            "extra": {
                "branch-alias": {
                    "dev-master": "1.0-dev"
                }
            },
            "autoload": {
                "psr-4": {
                    "Cache\\Bridge\\SimpleCache\\": ""
                },
                "exclude-from-classmap": [
                    "/Tests/"
                ]
            },
            "notification-url": "https://packagist.org/downloads/",
            "license": [
                "MIT"
            ],
            "authors": [
                {
                    "name": "Magnus Nordlander",
                    "email": "magnus@fervo.se",
                    "homepage": "https://github.com/magnusnordlander"
                }
            ],
            "description": "A PSR-6 bridge to PSR-16. This will make any PSR-6 cache compatible with SimpleCache.",
            "homepage": "http://www.php-cache.com/en/latest/",
            "keywords": [
                "Bridge",
                "cache",
                "psr-16",
                "psr-6"
            ],
            "time": "2017-07-16T21:58:17+00:00"
        },
        {
            "name": "cache/tag-interop",
            "version": "1.0.0",
            "source": {
                "type": "git",
                "url": "https://github.com/php-cache/tag-interop.git",
                "reference": "c7496dd81530f538af27b4f2713cde97bc292832"
            },
            "dist": {
                "type": "zip",
                "url": "https://api.github.com/repos/php-cache/tag-interop/zipball/c7496dd81530f538af27b4f2713cde97bc292832",
                "reference": "c7496dd81530f538af27b4f2713cde97bc292832",
                "shasum": ""
            },
            "require": {
                "php": "^5.5 || ^7.0",
                "psr/cache": "^1.0"
            },
            "type": "library",
            "extra": {
                "branch-alias": {
                    "dev-master": "2.0-dev"
                }
            },
            "autoload": {
                "psr-4": {
                    "Cache\\TagInterop\\": ""
                }
            },
            "notification-url": "https://packagist.org/downloads/",
            "license": [
                "MIT"
            ],
            "authors": [
                {
                    "name": "Tobias Nyholm",
                    "email": "tobias.nyholm@gmail.com",
                    "homepage": "https://github.com/nyholm"
                },
                {
                    "name": "Nicolas Grekas",
                    "email": "p@tchwork.com",
                    "homepage": "https://github.com/nicolas-grekas"
                }
            ],
            "description": "Framework interoperable interfaces for tags",
            "homepage": "http://www.php-cache.com/en/latest/",
            "keywords": [
                "cache",
                "psr",
                "psr6",
                "tag"
            ],
            "time": "2017-03-13T09:14:27+00:00"
        },
        {
            "name": "cache/void-adapter",
            "version": "1.0.0",
            "source": {
                "type": "git",
                "url": "https://github.com/php-cache/void-adapter.git",
                "reference": "a0554f661cf9f1498a2afe72d077f3c35d797161"
            },
            "dist": {
                "type": "zip",
                "url": "https://api.github.com/repos/php-cache/void-adapter/zipball/a0554f661cf9f1498a2afe72d077f3c35d797161",
                "reference": "a0554f661cf9f1498a2afe72d077f3c35d797161",
                "shasum": ""
            },
            "require": {
                "cache/adapter-common": "^1.0",
                "cache/hierarchical-cache": "^1.0",
                "php": "^5.6 || ^7.0",
                "psr/cache": "^1.0",
                "psr/simple-cache": "^1.0"
            },
            "provide": {
                "psr/cache-implementation": "^1.0"
            },
            "require-dev": {
                "cache/integration-tests": "^0.16",
                "phpunit/phpunit": "^5.7.21"
            },
            "type": "library",
            "extra": {
                "branch-alias": {
                    "dev-master": "1.0-dev"
                }
            },
            "autoload": {
                "psr-4": {
                    "Cache\\Adapter\\Void\\": ""
                },
                "exclude-from-classmap": [
                    "/Tests/"
                ]
            },
            "notification-url": "https://packagist.org/downloads/",
            "license": [
                "MIT"
            ],
            "authors": [
                {
                    "name": "Aaron Scherer",
                    "email": "aequasi@gmail.com",
                    "homepage": "https://github.com/aequasi"
                },
                {
                    "name": "Tobias Nyholm",
                    "email": "tobias.nyholm@gmail.com",
                    "homepage": "https://github.com/nyholm"
                }
            ],
            "description": "A PSR-6 cache implementation using Void. This implementation supports tags",
            "homepage": "http://www.php-cache.com/en/latest/",
            "keywords": [
                "cache",
                "psr-6",
                "tag",
                "void"
            ],
            "time": "2017-07-16T21:09:25+00:00"
        },
        {
            "name": "defuse/php-encryption",
            "version": "v2.2.0",
            "source": {
                "type": "git",
                "url": "https://github.com/defuse/php-encryption.git",
                "reference": "0d4d27c368ca6798bc162469e43248c363c73495"
            },
            "dist": {
                "type": "zip",
                "url": "https://api.github.com/repos/defuse/php-encryption/zipball/0d4d27c368ca6798bc162469e43248c363c73495",
                "reference": "0d4d27c368ca6798bc162469e43248c363c73495",
                "shasum": ""
            },
            "require": {
                "ext-openssl": "*",
                "paragonie/random_compat": "~2.0",
                "php": ">=5.4.0"
            },
            "require-dev": {
                "nikic/php-parser": "^2.0|^3.0|^4.0",
                "phpunit/phpunit": "^4|^5"
            },
            "bin": [
                "bin/generate-defuse-key"
            ],
            "type": "library",
            "autoload": {
                "psr-4": {
                    "Defuse\\Crypto\\": "src"
                }
            },
            "notification-url": "https://packagist.org/downloads/",
            "license": [
                "MIT"
            ],
            "authors": [
                {
                    "name": "Taylor Hornby",
                    "email": "taylor@defuse.ca",
                    "homepage": "https://defuse.ca/"
                },
                {
                    "name": "Scott Arciszewski",
                    "email": "info@paragonie.com",
                    "homepage": "https://paragonie.com"
                }
            ],
            "description": "Secure PHP Encryption Library",
            "keywords": [
                "aes",
                "authenticated encryption",
                "cipher",
                "crypto",
                "cryptography",
                "encrypt",
                "encryption",
                "openssl",
                "security",
                "symmetric key cryptography"
            ],
            "time": "2018-04-23T19:33:40+00:00"
        },
        {
            "name": "paragonie/random_compat",
            "version": "v2.0.12",
            "source": {
                "type": "git",
                "url": "https://github.com/paragonie/random_compat.git",
                "reference": "258c89a6b97de7dfaf5b8c7607d0478e236b04fb"
            },
            "dist": {
                "type": "zip",
                "url": "https://api.github.com/repos/paragonie/random_compat/zipball/258c89a6b97de7dfaf5b8c7607d0478e236b04fb",
                "reference": "258c89a6b97de7dfaf5b8c7607d0478e236b04fb",
                "shasum": ""
            },
            "require": {
                "php": ">=5.2.0"
            },
            "require-dev": {
                "phpunit/phpunit": "4.*|5.*"
            },
            "suggest": {
                "ext-libsodium": "Provides a modern crypto API that can be used to generate random bytes."
            },
            "type": "library",
            "autoload": {
                "files": [
                    "lib/random.php"
                ]
            },
            "notification-url": "https://packagist.org/downloads/",
            "license": [
                "MIT"
            ],
            "authors": [
                {
                    "name": "Paragon Initiative Enterprises",
                    "email": "security@paragonie.com",
                    "homepage": "https://paragonie.com"
                }
            ],
            "description": "PHP 5.x polyfill for random_bytes() and random_int() from PHP 7",
            "keywords": [
                "csprng",
                "pseudorandom",
                "random"
            ],
            "time": "2018-04-04T21:24:14+00:00"
        },
        {
            "name": "psr/cache",
            "version": "1.0.1",
            "source": {
                "type": "git",
                "url": "https://github.com/php-fig/cache.git",
                "reference": "d11b50ad223250cf17b86e38383413f5a6764bf8"
            },
            "dist": {
                "type": "zip",
                "url": "https://api.github.com/repos/php-fig/cache/zipball/d11b50ad223250cf17b86e38383413f5a6764bf8",
                "reference": "d11b50ad223250cf17b86e38383413f5a6764bf8",
                "shasum": ""
            },
            "require": {
                "php": ">=5.3.0"
            },
            "type": "library",
            "extra": {
                "branch-alias": {
                    "dev-master": "1.0.x-dev"
                }
            },
            "autoload": {
                "psr-4": {
                    "Psr\\Cache\\": "src/"
                }
            },
            "notification-url": "https://packagist.org/downloads/",
            "license": [
                "MIT"
            ],
            "authors": [
                {
                    "name": "PHP-FIG",
                    "homepage": "http://www.php-fig.org/"
                }
            ],
            "description": "Common interface for caching libraries",
            "keywords": [
                "cache",
                "psr",
                "psr-6"
            ],
            "time": "2016-08-06T20:24:11+00:00"
        },
        {
            "name": "psr/log",
            "version": "1.0.2",
            "source": {
                "type": "git",
                "url": "https://github.com/php-fig/log.git",
                "reference": "4ebe3a8bf773a19edfe0a84b6585ba3d401b724d"
            },
            "dist": {
                "type": "zip",
                "url": "https://api.github.com/repos/php-fig/log/zipball/4ebe3a8bf773a19edfe0a84b6585ba3d401b724d",
                "reference": "4ebe3a8bf773a19edfe0a84b6585ba3d401b724d",
                "shasum": ""
            },
            "require": {
                "php": ">=5.3.0"
            },
            "type": "library",
            "extra": {
                "branch-alias": {
                    "dev-master": "1.0.x-dev"
                }
            },
            "autoload": {
                "psr-4": {
                    "Psr\\Log\\": "Psr/Log/"
                }
            },
            "notification-url": "https://packagist.org/downloads/",
            "license": [
                "MIT"
            ],
            "authors": [
                {
                    "name": "PHP-FIG",
                    "homepage": "http://www.php-fig.org/"
                }
            ],
            "description": "Common interface for logging libraries",
            "homepage": "https://github.com/php-fig/log",
            "keywords": [
                "log",
                "psr",
                "psr-3"
            ],
            "time": "2016-10-10T12:19:37+00:00"
        },
        {
            "name": "psr/simple-cache",
            "version": "1.0.1",
            "source": {
                "type": "git",
                "url": "https://github.com/php-fig/simple-cache.git",
                "reference": "408d5eafb83c57f6365a3ca330ff23aa4a5fa39b"
            },
            "dist": {
                "type": "zip",
                "url": "https://api.github.com/repos/php-fig/simple-cache/zipball/408d5eafb83c57f6365a3ca330ff23aa4a5fa39b",
                "reference": "408d5eafb83c57f6365a3ca330ff23aa4a5fa39b",
                "shasum": ""
            },
            "require": {
                "php": ">=5.3.0"
            },
            "type": "library",
            "extra": {
                "branch-alias": {
                    "dev-master": "1.0.x-dev"
                }
            },
            "autoload": {
                "psr-4": {
                    "Psr\\SimpleCache\\": "src/"
                }
            },
            "notification-url": "https://packagist.org/downloads/",
            "license": [
                "MIT"
            ],
            "authors": [
                {
                    "name": "PHP-FIG",
                    "homepage": "http://www.php-fig.org/"
                }
            ],
            "description": "Common interfaces for simple caching",
            "keywords": [
                "cache",
                "caching",
                "psr",
                "psr-16",
                "simple-cache"
            ],
            "time": "2017-10-23T01:57:42+00:00"
        }
    ],
    "packages-dev": [],
    "aliases": [],
    "minimum-stability": "stable",
    "stability-flags": [],
    "prefer-stable": false,
    "prefer-lowest": false,
    "platform": [],
    "platform-dev": []
}
